// !$*UTF8*$!
{
	archiveVersion = 1;
	classes = {
	};
	objectVersion = 55;
	objects = {

/* Begin PBXBuildFile section */
		049BEEC2476782D1A0D0DE29 /* Pods_SCBMonitorSwift.framework in Frameworks */ = {isa = PBXBuildFile; fileRef = 5D9DE0B8CEF4E8147BACC34D /* Pods_SCBMonitorSwift.framework */; };
		4529830F2872FFC7004466E8 /* AppDelegate.swift in Sources */ = {isa = PBXBuildFile; fileRef = 4529830E2872FFC7004466E8 /* AppDelegate.swift */; };
		452983182872FFCA004466E8 /* Assets.xcassets in Resources */ = {isa = PBXBuildFile; fileRef = 452983172872FFCA004466E8 /* Assets.xcassets */; };
		4529831B2872FFCA004466E8 /* LaunchScreen.storyboard in Resources */ = {isa = PBXBuildFile; fileRef = 452983192872FFCA004466E8 /* LaunchScreen.storyboard */; };
		4529832728730B3B004466E8 /* AuthViewController.swift in Sources */ = {isa = PBXBuildFile; fileRef = 4529832628730B3B004466E8 /* AuthViewController.swift */; };
		4529832928730B43004466E8 /* AuthModel.swift in Sources */ = {isa = PBXBuildFile; fileRef = 4529832828730B42004466E8 /* AuthModel.swift */; };
		4529832B28730B81004466E8 /* MColors.swift in Sources */ = {isa = PBXBuildFile; fileRef = 4529832A28730B81004466E8 /* MColors.swift */; };
		4529832E28730D31004466E8 /* DefaultButton.swift in Sources */ = {isa = PBXBuildFile; fileRef = 4529832D28730D31004466E8 /* DefaultButton.swift */; };
		455DF37B2874240800D18B57 /* MainCoordinator.swift in Sources */ = {isa = PBXBuildFile; fileRef = 455DF37A2874240800D18B57 /* MainCoordinator.swift */; };
		455DF37D2874248B00D18B57 /* CoordinatorDependencies.swift in Sources */ = {isa = PBXBuildFile; fileRef = 455DF37C2874248B00D18B57 /* CoordinatorDependencies.swift */; };
		455DF380287424FA00D18B57 /* MainScreenViewController.swift in Sources */ = {isa = PBXBuildFile; fileRef = 455DF37F287424F900D18B57 /* MainScreenViewController.swift */; };
		455DF3822874250300D18B57 /* MainScreenModel.swift in Sources */ = {isa = PBXBuildFile; fileRef = 455DF3812874250300D18B57 /* MainScreenModel.swift */; };
		455DF3842874255000D18B57 /* MainScreenFlowCoordinator.swift in Sources */ = {isa = PBXBuildFile; fileRef = 455DF3832874255000D18B57 /* MainScreenFlowCoordinator.swift */; };
		455DF38828742AF200D18B57 /* AuthScreenFlowCoordinator.swift in Sources */ = {isa = PBXBuildFile; fileRef = 455DF38728742AF200D18B57 /* AuthScreenFlowCoordinator.swift */; };
		F80BAA2228784570003B905D /* NotifyTableViewCell.swift in Sources */ = {isa = PBXBuildFile; fileRef = F80BAA2128784570003B905D /* NotifyTableViewCell.swift */; };
		F80BAA2D2879F94D003B905D /* NotifyScreenFlowCoordinator.swift in Sources */ = {isa = PBXBuildFile; fileRef = F80BAA2C2879F94D003B905D /* NotifyScreenFlowCoordinator.swift */; };
		F80BAA302879FF39003B905D /* NotifyScreenViewController.swift in Sources */ = {isa = PBXBuildFile; fileRef = F80BAA2F2879FF39003B905D /* NotifyScreenViewController.swift */; };
		F80BAA322879FF47003B905D /* NotifyScreenModel.swift in Sources */ = {isa = PBXBuildFile; fileRef = F80BAA312879FF47003B905D /* NotifyScreenModel.swift */; };
		F81BB818287CC24E0023C0D6 /* DateFormatter.swift in Sources */ = {isa = PBXBuildFile; fileRef = F81BB817287CC24E0023C0D6 /* DateFormatter.swift */; };
		F850FF51287B1FC200D837A3 /* GuideViewController.swift in Sources */ = {isa = PBXBuildFile; fileRef = F850FF50287B1FC200D837A3 /* GuideViewController.swift */; };
		F850FF55287B2AB100D837A3 /* NotifyDetailViewController.swift in Sources */ = {isa = PBXBuildFile; fileRef = F850FF54287B2AB100D837A3 /* NotifyDetailViewController.swift */; };
		F850FF5C287C1CFB00D837A3 /* NotifyDetailModel.swift in Sources */ = {isa = PBXBuildFile; fileRef = F850FF5B287C1CFB00D837A3 /* NotifyDetailModel.swift */; };
		F8A7A828287FB1F900531A31 /* PersonalPageModel.swift in Sources */ = {isa = PBXBuildFile; fileRef = F8A7A827287FB1F900531A31 /* PersonalPageModel.swift */; };
		F8A7A82A287FB1FF00531A31 /* PersonalPageTableViewCell.swift in Sources */ = {isa = PBXBuildFile; fileRef = F8A7A829287FB1FF00531A31 /* PersonalPageTableViewCell.swift */; };
		F8A7A82C287FB20200531A31 /* PersonalPageViewController.swift in Sources */ = {isa = PBXBuildFile; fileRef = F8A7A82B287FB20200531A31 /* PersonalPageViewController.swift */; };
/* End PBXBuildFile section */

/* Begin PBXFileReference section */
		0481EC8AAFDA8A4FE340A6B1 /* Pods-SCBMonitorSwift.debug.xcconfig */ = {isa = PBXFileReference; includeInIndex = 1; lastKnownFileType = text.xcconfig; name = "Pods-SCBMonitorSwift.debug.xcconfig"; path = "Target Support Files/Pods-SCBMonitorSwift/Pods-SCBMonitorSwift.debug.xcconfig"; sourceTree = "<group>"; };
		4529830B2872FFC7004466E8 /* SCBMonitorSwift.app */ = {isa = PBXFileReference; explicitFileType = wrapper.application; includeInIndex = 0; path = SCBMonitorSwift.app; sourceTree = BUILT_PRODUCTS_DIR; };
		4529830E2872FFC7004466E8 /* AppDelegate.swift */ = {isa = PBXFileReference; lastKnownFileType = sourcecode.swift; path = AppDelegate.swift; sourceTree = "<group>"; };
		452983172872FFCA004466E8 /* Assets.xcassets */ = {isa = PBXFileReference; lastKnownFileType = folder.assetcatalog; path = Assets.xcassets; sourceTree = "<group>"; };
		4529831A2872FFCA004466E8 /* Base */ = {isa = PBXFileReference; lastKnownFileType = file.storyboard; name = Base; path = Base.lproj/LaunchScreen.storyboard; sourceTree = "<group>"; };
		4529831C2872FFCA004466E8 /* Info.plist */ = {isa = PBXFileReference; lastKnownFileType = text.plist.xml; path = Info.plist; sourceTree = "<group>"; };
		4529832628730B3B004466E8 /* AuthViewController.swift */ = {isa = PBXFileReference; lastKnownFileType = sourcecode.swift; path = AuthViewController.swift; sourceTree = "<group>"; };
		4529832828730B42004466E8 /* AuthModel.swift */ = {isa = PBXFileReference; lastKnownFileType = sourcecode.swift; path = AuthModel.swift; sourceTree = "<group>"; };
		4529832A28730B81004466E8 /* MColors.swift */ = {isa = PBXFileReference; lastKnownFileType = sourcecode.swift; path = MColors.swift; sourceTree = "<group>"; };
		4529832D28730D31004466E8 /* DefaultButton.swift */ = {isa = PBXFileReference; lastKnownFileType = sourcecode.swift; path = DefaultButton.swift; sourceTree = "<group>"; };
		455DF37A2874240800D18B57 /* MainCoordinator.swift */ = {isa = PBXFileReference; lastKnownFileType = sourcecode.swift; path = MainCoordinator.swift; sourceTree = "<group>"; };
		455DF37C2874248B00D18B57 /* CoordinatorDependencies.swift */ = {isa = PBXFileReference; lastKnownFileType = sourcecode.swift; path = CoordinatorDependencies.swift; sourceTree = "<group>"; };
		455DF37F287424F900D18B57 /* MainScreenViewController.swift */ = {isa = PBXFileReference; lastKnownFileType = sourcecode.swift; path = MainScreenViewController.swift; sourceTree = "<group>"; };
		455DF3812874250300D18B57 /* MainScreenModel.swift */ = {isa = PBXFileReference; lastKnownFileType = sourcecode.swift; path = MainScreenModel.swift; sourceTree = "<group>"; };
		455DF3832874255000D18B57 /* MainScreenFlowCoordinator.swift */ = {isa = PBXFileReference; lastKnownFileType = sourcecode.swift; path = MainScreenFlowCoordinator.swift; sourceTree = "<group>"; };
		455DF38728742AF200D18B57 /* AuthScreenFlowCoordinator.swift */ = {isa = PBXFileReference; lastKnownFileType = sourcecode.swift; path = AuthScreenFlowCoordinator.swift; sourceTree = "<group>"; };
		5D9DE0B8CEF4E8147BACC34D /* Pods_SCBMonitorSwift.framework */ = {isa = PBXFileReference; explicitFileType = wrapper.framework; includeInIndex = 0; path = Pods_SCBMonitorSwift.framework; sourceTree = BUILT_PRODUCTS_DIR; };
		EC1C1E6B00D26A762DA99C35 /* Pods-SCBMonitorSwift.release.xcconfig */ = {isa = PBXFileReference; includeInIndex = 1; lastKnownFileType = text.xcconfig; name = "Pods-SCBMonitorSwift.release.xcconfig"; path = "Target Support Files/Pods-SCBMonitorSwift/Pods-SCBMonitorSwift.release.xcconfig"; sourceTree = "<group>"; };
		F80BAA2128784570003B905D /* NotifyTableViewCell.swift */ = {isa = PBXFileReference; lastKnownFileType = sourcecode.swift; path = NotifyTableViewCell.swift; sourceTree = "<group>"; };
		F80BAA242878618C003B905D /* Ubuntu-Bold.ttf */ = {isa = PBXFileReference; lastKnownFileType = file; path = "Ubuntu-Bold.ttf"; sourceTree = "<group>"; };
		F80BAA252878618C003B905D /* Ubuntu-Medium.ttf */ = {isa = PBXFileReference; lastKnownFileType = file; path = "Ubuntu-Medium.ttf"; sourceTree = "<group>"; };
		F80BAA262878618C003B905D /* Ubuntu-Light.ttf */ = {isa = PBXFileReference; lastKnownFileType = file; path = "Ubuntu-Light.ttf"; sourceTree = "<group>"; };
		F80BAA272878618C003B905D /* Ubuntu-LightItalic.ttf */ = {isa = PBXFileReference; lastKnownFileType = file; path = "Ubuntu-LightItalic.ttf"; sourceTree = "<group>"; };
		F80BAA282878618C003B905D /* Ubuntu-BoldItalic.ttf */ = {isa = PBXFileReference; lastKnownFileType = file; path = "Ubuntu-BoldItalic.ttf"; sourceTree = "<group>"; };
		F80BAA292878618C003B905D /* Ubuntu-Regular.ttf */ = {isa = PBXFileReference; lastKnownFileType = file; path = "Ubuntu-Regular.ttf"; sourceTree = "<group>"; };
		F80BAA2A2878618C003B905D /* Ubuntu-MediumItalic.ttf */ = {isa = PBXFileReference; lastKnownFileType = file; path = "Ubuntu-MediumItalic.ttf"; sourceTree = "<group>"; };
		F80BAA2B2878618C003B905D /* Ubuntu-Italic.ttf */ = {isa = PBXFileReference; lastKnownFileType = file; path = "Ubuntu-Italic.ttf"; sourceTree = "<group>"; };
		F80BAA2C2879F94D003B905D /* NotifyScreenFlowCoordinator.swift */ = {isa = PBXFileReference; lastKnownFileType = sourcecode.swift; path = NotifyScreenFlowCoordinator.swift; sourceTree = "<group>"; };
		F80BAA2F2879FF39003B905D /* NotifyScreenViewController.swift */ = {isa = PBXFileReference; lastKnownFileType = sourcecode.swift; path = NotifyScreenViewController.swift; sourceTree = "<group>"; };
		F80BAA312879FF47003B905D /* NotifyScreenModel.swift */ = {isa = PBXFileReference; lastKnownFileType = sourcecode.swift; path = NotifyScreenModel.swift; sourceTree = "<group>"; };
		F81BB817287CC24E0023C0D6 /* DateFormatter.swift */ = {isa = PBXFileReference; lastKnownFileType = sourcecode.swift; path = DateFormatter.swift; sourceTree = "<group>"; };
		F850FF50287B1FC200D837A3 /* GuideViewController.swift */ = {isa = PBXFileReference; fileEncoding = 4; lastKnownFileType = sourcecode.swift; path = GuideViewController.swift; sourceTree = "<group>"; };
		F850FF54287B2AB100D837A3 /* NotifyDetailViewController.swift */ = {isa = PBXFileReference; lastKnownFileType = sourcecode.swift; path = NotifyDetailViewController.swift; sourceTree = "<group>"; };
		F850FF5B287C1CFB00D837A3 /* NotifyDetailModel.swift */ = {isa = PBXFileReference; lastKnownFileType = sourcecode.swift; path = NotifyDetailModel.swift; sourceTree = "<group>"; };
		F8A7A827287FB1F900531A31 /* PersonalPageModel.swift */ = {isa = PBXFileReference; lastKnownFileType = sourcecode.swift; path = PersonalPageModel.swift; sourceTree = "<group>"; };
		F8A7A829287FB1FF00531A31 /* PersonalPageTableViewCell.swift */ = {isa = PBXFileReference; lastKnownFileType = sourcecode.swift; path = PersonalPageTableViewCell.swift; sourceTree = "<group>"; };
		F8A7A82B287FB20200531A31 /* PersonalPageViewController.swift */ = {isa = PBXFileReference; lastKnownFileType = sourcecode.swift; path = PersonalPageViewController.swift; sourceTree = "<group>"; };
/* End PBXFileReference section */

/* Begin PBXFrameworksBuildPhase section */
		452983082872FFC7004466E8 /* Frameworks */ = {
			isa = PBXFrameworksBuildPhase;
			buildActionMask = 2147483647;
			files = (
				049BEEC2476782D1A0D0DE29 /* Pods_SCBMonitorSwift.framework in Frameworks */,
			);
			runOnlyForDeploymentPostprocessing = 0;
		};
/* End PBXFrameworksBuildPhase section */

/* Begin PBXGroup section */
		0AC71EB210D35D995DA88CCC /* Pods */ = {
			isa = PBXGroup;
			children = (
				0481EC8AAFDA8A4FE340A6B1 /* Pods-SCBMonitorSwift.debug.xcconfig */,
				EC1C1E6B00D26A762DA99C35 /* Pods-SCBMonitorSwift.release.xcconfig */,
			);
			path = Pods;
			sourceTree = "<group>";
		};
		452983022872FFC7004466E8 = {
			isa = PBXGroup;
			children = (
				4529830D2872FFC7004466E8 /* SCBMonitorSwift */,
				4529830C2872FFC7004466E8 /* Products */,
				0AC71EB210D35D995DA88CCC /* Pods */,
				E51FC1149C390DEFC4E82622 /* Frameworks */,
			);
			sourceTree = "<group>";
		};
		4529830C2872FFC7004466E8 /* Products */ = {
			isa = PBXGroup;
			children = (
				4529830B2872FFC7004466E8 /* SCBMonitorSwift.app */,
			);
			name = Products;
			sourceTree = "<group>";
		};
		4529830D2872FFC7004466E8 /* SCBMonitorSwift */ = {
			isa = PBXGroup;
			children = (
				F80BAA232878615C003B905D /* Fonts */,
				455DF38D28743FDF00D18B57 /* Extensions */,
				455DF379287423F500D18B57 /* Flow coordinators */,
				4529832328730A9E004466E8 /* Core */,
				4529832228730A98004466E8 /* Screens */,
				452983172872FFCA004466E8 /* Assets.xcassets */,
				4529832A28730B81004466E8 /* MColors.swift */,
			);
			path = SCBMonitorSwift;
			sourceTree = "<group>";
		};
		4529832228730A98004466E8 /* Screens */ = {
			isa = PBXGroup;
			children = (
				F8A7A824287FB1E300531A31 /* PersonalPageScreen */,
				F850FF4F287B1FA600D837A3 /* Guide */,
				F80BAA2E2879FEDC003B905D /* Notify */,
				4529832C28730CF7004466E8 /* Controls */,
				455DF37E287424EC00D18B57 /* MainScreen */,
				4529832528730ACA004466E8 /* Auth */,
			);
			path = Screens;
			sourceTree = "<group>";
		};
		4529832328730A9E004466E8 /* Core */ = {
			isa = PBXGroup;
			children = (
				4529831C2872FFCA004466E8 /* Info.plist */,
				452983192872FFCA004466E8 /* LaunchScreen.storyboard */,
				4529830E2872FFC7004466E8 /* AppDelegate.swift */,
			);
			path = Core;
			sourceTree = "<group>";
		};
		4529832528730ACA004466E8 /* Auth */ = {
			isa = PBXGroup;
			children = (
				4529832628730B3B004466E8 /* AuthViewController.swift */,
				4529832828730B42004466E8 /* AuthModel.swift */,
			);
			path = Auth;
			sourceTree = "<group>";
		};
		4529832C28730CF7004466E8 /* Controls */ = {
			isa = PBXGroup;
			children = (
				4529832D28730D31004466E8 /* DefaultButton.swift */,
			);
			path = Controls;
			sourceTree = "<group>";
		};
		455DF379287423F500D18B57 /* Flow coordinators */ = {
			isa = PBXGroup;
			children = (
				455DF3852874293E00D18B57 /* Core */,
				455DF3832874255000D18B57 /* MainScreenFlowCoordinator.swift */,
				455DF38728742AF200D18B57 /* AuthScreenFlowCoordinator.swift */,
				F80BAA2C2879F94D003B905D /* NotifyScreenFlowCoordinator.swift */,
			);
			path = "Flow coordinators";
			sourceTree = "<group>";
		};
		455DF37E287424EC00D18B57 /* MainScreen */ = {
			isa = PBXGroup;
			children = (
				455DF37F287424F900D18B57 /* MainScreenViewController.swift */,
				455DF3812874250300D18B57 /* MainScreenModel.swift */,
			);
			path = MainScreen;
			sourceTree = "<group>";
		};
		455DF3852874293E00D18B57 /* Core */ = {
			isa = PBXGroup;
			children = (
				455DF37C2874248B00D18B57 /* CoordinatorDependencies.swift */,
				455DF37A2874240800D18B57 /* MainCoordinator.swift */,
			);
			path = Core;
			sourceTree = "<group>";
		};
		455DF38D28743FDF00D18B57 /* Extensions */ = {
			isa = PBXGroup;
			children = (
			);
			path = Extensions;
			sourceTree = "<group>";
		};
		E51FC1149C390DEFC4E82622 /* Frameworks */ = {
			isa = PBXGroup;
			children = (
				5D9DE0B8CEF4E8147BACC34D /* Pods_SCBMonitorSwift.framework */,
			);
			name = Frameworks;
			sourceTree = "<group>";
		};
		F80BAA232878615C003B905D /* Fonts */ = {
			isa = PBXGroup;
			children = (
				F80BAA242878618C003B905D /* Ubuntu-Bold.ttf */,
				F80BAA282878618C003B905D /* Ubuntu-BoldItalic.ttf */,
				F80BAA2B2878618C003B905D /* Ubuntu-Italic.ttf */,
				F80BAA262878618C003B905D /* Ubuntu-Light.ttf */,
				F80BAA272878618C003B905D /* Ubuntu-LightItalic.ttf */,
				F80BAA252878618C003B905D /* Ubuntu-Medium.ttf */,
				F80BAA2A2878618C003B905D /* Ubuntu-MediumItalic.ttf */,
				F80BAA292878618C003B905D /* Ubuntu-Regular.ttf */,
			);
			path = Fonts;
			sourceTree = "<group>";
		};
		F80BAA2E2879FEDC003B905D /* Notify */ = {
			isa = PBXGroup;
			children = (
				F850FF58287C1B3C00D837A3 /* DetailNotify */,
				F80BAA2F2879FF39003B905D /* NotifyScreenViewController.swift */,
				F80BAA312879FF47003B905D /* NotifyScreenModel.swift */,
				F80BAA2128784570003B905D /* NotifyTableViewCell.swift */,
				F81BB817287CC24E0023C0D6 /* DateFormatter.swift */,
			);
			path = Notify;
			sourceTree = "<group>";
		};
		F850FF4F287B1FA600D837A3 /* Guide */ = {
			isa = PBXGroup;
			children = (
				F850FF50287B1FC200D837A3 /* GuideViewController.swift */,
			);
			path = Guide;
			sourceTree = "<group>";
		};
		F850FF58287C1B3C00D837A3 /* DetailNotify */ = {
			isa = PBXGroup;
			children = (
				F850FF54287B2AB100D837A3 /* NotifyDetailViewController.swift */,
				F850FF5B287C1CFB00D837A3 /* NotifyDetailModel.swift */,
			);
			path = DetailNotify;
			sourceTree = "<group>";
		};
		F8A7A824287FB1E300531A31 /* PersonalPageScreen */ = {
			isa = PBXGroup;
			children = (
				F8A7A827287FB1F900531A31 /* PersonalPageModel.swift */,
				F8A7A829287FB1FF00531A31 /* PersonalPageTableViewCell.swift */,
				F8A7A82B287FB20200531A31 /* PersonalPageViewController.swift */,
			);
			path = PersonalPageScreen;
			sourceTree = "<group>";
		};
/* End PBXGroup section */

/* Begin PBXNativeTarget section */
		4529830A2872FFC7004466E8 /* SCBMonitorSwift */ = {
			isa = PBXNativeTarget;
			buildConfigurationList = 4529831F2872FFCA004466E8 /* Build configuration list for PBXNativeTarget "SCBMonitorSwift" */;
			buildPhases = (
				4886FE6D5D58C126950D3EE7 /* [CP] Check Pods Manifest.lock */,
				455DF38E2874434D00D18B57 /* SwiftLint */,
				452983072872FFC7004466E8 /* Sources */,
				452983082872FFC7004466E8 /* Frameworks */,
				452983092872FFC7004466E8 /* Resources */,
				AB73FBDAFF64063A078ACCDA /* [CP] Embed Pods Frameworks */,
			);
			buildRules = (
			);
			dependencies = (
			);
			name = SCBMonitorSwift;
			productName = SCBMonitorSwift;
			productReference = 4529830B2872FFC7004466E8 /* SCBMonitorSwift.app */;
			productType = "com.apple.product-type.application";
		};
/* End PBXNativeTarget section */

/* Begin PBXProject section */
		452983032872FFC7004466E8 /* Project object */ = {
			isa = PBXProject;
			attributes = {
				BuildIndependentTargetsInParallel = 1;
				LastSwiftUpdateCheck = 1300;
				LastUpgradeCheck = 1300;
				TargetAttributes = {
					4529830A2872FFC7004466E8 = {
						CreatedOnToolsVersion = 13.0;
					};
				};
			};
			buildConfigurationList = 452983062872FFC7004466E8 /* Build configuration list for PBXProject "SCBMonitorSwift" */;
			compatibilityVersion = "Xcode 13.0";
			developmentRegion = en;
			hasScannedForEncodings = 0;
			knownRegions = (
				en,
				Base,
			);
			mainGroup = 452983022872FFC7004466E8;
			productRefGroup = 4529830C2872FFC7004466E8 /* Products */;
			projectDirPath = "";
			projectRoot = "";
			targets = (
				4529830A2872FFC7004466E8 /* SCBMonitorSwift */,
			);
		};
/* End PBXProject section */

/* Begin PBXResourcesBuildPhase section */
		452983092872FFC7004466E8 /* Resources */ = {
			isa = PBXResourcesBuildPhase;
			buildActionMask = 2147483647;
			files = (
				4529831B2872FFCA004466E8 /* LaunchScreen.storyboard in Resources */,
				452983182872FFCA004466E8 /* Assets.xcassets in Resources */,
			);
			runOnlyForDeploymentPostprocessing = 0;
		};
/* End PBXResourcesBuildPhase section */

/* Begin PBXShellScriptBuildPhase section */
		455DF38E2874434D00D18B57 /* SwiftLint */ = {
			isa = PBXShellScriptBuildPhase;
			buildActionMask = 2147483647;
			files = (
			);
			inputFileListPaths = (
			);
			inputPaths = (
			);
			name = SwiftLint;
			outputFileListPaths = (
			);
			outputPaths = (
			);
			runOnlyForDeploymentPostprocessing = 0;
			shellPath = /bin/sh;
			shellScript = "if which swiftlint >/dev/null; then\n# First pass just auto-corrects based on .autocorrect.yml\nswiftlint autocorrect --config .autocorrect.yml\n# Second pass lints based on .swiftlint.yml\nswiftlint\nelse\necho \"warning: SwiftLint not installed, fix this with 'brew install swiftlint'\"\necho \"Also, see: https://github.com/realm/SwiftLint\"\nfi\n";
		};
		4886FE6D5D58C126950D3EE7 /* [CP] Check Pods Manifest.lock */ = {
			isa = PBXShellScriptBuildPhase;
			buildActionMask = 2147483647;
			files = (
			);
			inputFileListPaths = (
			);
			inputPaths = (
				"${PODS_PODFILE_DIR_PATH}/Podfile.lock",
				"${PODS_ROOT}/Manifest.lock",
			);
			name = "[CP] Check Pods Manifest.lock";
			outputFileListPaths = (
			);
			outputPaths = (
				"$(DERIVED_FILE_DIR)/Pods-SCBMonitorSwift-checkManifestLockResult.txt",
			);
			runOnlyForDeploymentPostprocessing = 0;
			shellPath = /bin/sh;
			shellScript = "diff \"${PODS_PODFILE_DIR_PATH}/Podfile.lock\" \"${PODS_ROOT}/Manifest.lock\" > /dev/null\nif [ $? != 0 ] ; then\n    # print error to STDERR\n    echo \"error: The sandbox is not in sync with the Podfile.lock. Run 'pod install' or update your CocoaPods installation.\" >&2\n    exit 1\nfi\n# This output is used by Xcode 'outputs' to avoid re-running this script phase.\necho \"SUCCESS\" > \"${SCRIPT_OUTPUT_FILE_0}\"\n";
			showEnvVarsInLog = 0;
		};
		AB73FBDAFF64063A078ACCDA /* [CP] Embed Pods Frameworks */ = {
			isa = PBXShellScriptBuildPhase;
			buildActionMask = 2147483647;
			files = (
			);
			inputFileListPaths = (
				"${PODS_ROOT}/Target Support Files/Pods-SCBMonitorSwift/Pods-SCBMonitorSwift-frameworks-${CONFIGURATION}-input-files.xcfilelist",
			);
			name = "[CP] Embed Pods Frameworks";
			outputFileListPaths = (
				"${PODS_ROOT}/Target Support Files/Pods-SCBMonitorSwift/Pods-SCBMonitorSwift-frameworks-${CONFIGURATION}-output-files.xcfilelist",
			);
			runOnlyForDeploymentPostprocessing = 0;
			shellPath = /bin/sh;
			shellScript = "\"${PODS_ROOT}/Target Support Files/Pods-SCBMonitorSwift/Pods-SCBMonitorSwift-frameworks.sh\"\n";
			showEnvVarsInLog = 0;
		};
/* End PBXShellScriptBuildPhase section */

/* Begin PBXSourcesBuildPhase section */
		452983072872FFC7004466E8 /* Sources */ = {
			isa = PBXSourcesBuildPhase;
			buildActionMask = 2147483647;
			files = (
				4529832928730B43004466E8 /* AuthModel.swift in Sources */,
				455DF37B2874240800D18B57 /* MainCoordinator.swift in Sources */,
				455DF3822874250300D18B57 /* MainScreenModel.swift in Sources */,
				F81BB818287CC24E0023C0D6 /* DateFormatter.swift in Sources */,
				4529832E28730D31004466E8 /* DefaultButton.swift in Sources */,
				F80BAA302879FF39003B905D /* NotifyScreenViewController.swift in Sources */,
				455DF37D2874248B00D18B57 /* CoordinatorDependencies.swift in Sources */,
				4529832B28730B81004466E8 /* MColors.swift in Sources */,
				455DF38828742AF200D18B57 /* AuthScreenFlowCoordinator.swift in Sources */,
				4529832728730B3B004466E8 /* AuthViewController.swift in Sources */,
				4529830F2872FFC7004466E8 /* AppDelegate.swift in Sources */,
				F80BAA322879FF47003B905D /* NotifyScreenModel.swift in Sources */,
				F850FF5C287C1CFB00D837A3 /* NotifyDetailModel.swift in Sources */,
				F8A7A82A287FB1FF00531A31 /* PersonalPageTableViewCell.swift in Sources */,
				F80BAA2228784570003B905D /* NotifyTableViewCell.swift in Sources */,
				F80BAA2D2879F94D003B905D /* NotifyScreenFlowCoordinator.swift in Sources */,
				455DF380287424FA00D18B57 /* MainScreenViewController.swift in Sources */,
				F8A7A828287FB1F900531A31 /* PersonalPageModel.swift in Sources */,
				F8A7A82C287FB20200531A31 /* PersonalPageViewController.swift in Sources */,
				F850FF51287B1FC200D837A3 /* GuideViewController.swift in Sources */,
				F850FF55287B2AB100D837A3 /* NotifyDetailViewController.swift in Sources */,
				455DF3842874255000D18B57 /* MainScreenFlowCoordinator.swift in Sources */,
			);
			runOnlyForDeploymentPostprocessing = 0;
		};
/* End PBXSourcesBuildPhase section */

/* Begin PBXVariantGroup section */
		452983192872FFCA004466E8 /* LaunchScreen.storyboard */ = {
			isa = PBXVariantGroup;
			children = (
				4529831A2872FFCA004466E8 /* Base */,
			);
			name = LaunchScreen.storyboard;
			sourceTree = "<group>";
		};
/* End PBXVariantGroup section */

/* Begin XCBuildConfiguration section */
		4529831D2872FFCA004466E8 /* Debug */ = {
			isa = XCBuildConfiguration;
			buildSettings = {
				ALWAYS_SEARCH_USER_PATHS = NO;
				CLANG_ANALYZER_NONNULL = YES;
				CLANG_ANALYZER_NUMBER_OBJECT_CONVERSION = YES_AGGRESSIVE;
				CLANG_CXX_LANGUAGE_STANDARD = "gnu++17";
				CLANG_CXX_LIBRARY = "libc++";
				CLANG_ENABLE_MODULES = YES;
				CLANG_ENABLE_OBJC_ARC = YES;
				CLANG_ENABLE_OBJC_WEAK = YES;
				CLANG_WARN_BLOCK_CAPTURE_AUTORELEASING = YES;
				CLANG_WARN_BOOL_CONVERSION = YES;
				CLANG_WARN_COMMA = YES;
				CLANG_WARN_CONSTANT_CONVERSION = YES;
				CLANG_WARN_DEPRECATED_OBJC_IMPLEMENTATIONS = YES;
				CLANG_WARN_DIRECT_OBJC_ISA_USAGE = YES_ERROR;
				CLANG_WARN_DOCUMENTATION_COMMENTS = YES;
				CLANG_WARN_EMPTY_BODY = YES;
				CLANG_WARN_ENUM_CONVERSION = YES;
				CLANG_WARN_INFINITE_RECURSION = YES;
				CLANG_WARN_INT_CONVERSION = YES;
				CLANG_WARN_NON_LITERAL_NULL_CONVERSION = YES;
				CLANG_WARN_OBJC_IMPLICIT_RETAIN_SELF = YES;
				CLANG_WARN_OBJC_LITERAL_CONVERSION = YES;
				CLANG_WARN_OBJC_ROOT_CLASS = YES_ERROR;
				CLANG_WARN_QUOTED_INCLUDE_IN_FRAMEWORK_HEADER = YES;
				CLANG_WARN_RANGE_LOOP_ANALYSIS = YES;
				CLANG_WARN_STRICT_PROTOTYPES = YES;
				CLANG_WARN_SUSPICIOUS_MOVE = YES;
				CLANG_WARN_UNGUARDED_AVAILABILITY = YES_AGGRESSIVE;
				CLANG_WARN_UNREACHABLE_CODE = YES;
				CLANG_WARN__DUPLICATE_METHOD_MATCH = YES;
				COPY_PHASE_STRIP = NO;
				DEBUG_INFORMATION_FORMAT = dwarf;
				ENABLE_STRICT_OBJC_MSGSEND = YES;
				ENABLE_TESTABILITY = YES;
				GCC_C_LANGUAGE_STANDARD = gnu11;
				GCC_DYNAMIC_NO_PIC = NO;
				GCC_NO_COMMON_BLOCKS = YES;
				GCC_OPTIMIZATION_LEVEL = 0;
				GCC_PREPROCESSOR_DEFINITIONS = (
					"DEBUG=1",
					"$(inherited)",
				);
				GCC_WARN_64_TO_32_BIT_CONVERSION = YES;
				GCC_WARN_ABOUT_RETURN_TYPE = YES_ERROR;
				GCC_WARN_UNDECLARED_SELECTOR = YES;
				GCC_WARN_UNINITIALIZED_AUTOS = YES_AGGRESSIVE;
				GCC_WARN_UNUSED_FUNCTION = YES;
				GCC_WARN_UNUSED_VARIABLE = YES;
				IPHONEOS_DEPLOYMENT_TARGET = 15.0;
				MTL_ENABLE_DEBUG_INFO = INCLUDE_SOURCE;
				MTL_FAST_MATH = YES;
				ONLY_ACTIVE_ARCH = YES;
				SDKROOT = iphoneos;
				SWIFT_ACTIVE_COMPILATION_CONDITIONS = DEBUG;
				SWIFT_OPTIMIZATION_LEVEL = "-Onone";
			};
			name = Debug;
		};
		4529831E2872FFCA004466E8 /* Release */ = {
			isa = XCBuildConfiguration;
			buildSettings = {
				ALWAYS_SEARCH_USER_PATHS = NO;
				CLANG_ANALYZER_NONNULL = YES;
				CLANG_ANALYZER_NUMBER_OBJECT_CONVERSION = YES_AGGRESSIVE;
				CLANG_CXX_LANGUAGE_STANDARD = "gnu++17";
				CLANG_CXX_LIBRARY = "libc++";
				CLANG_ENABLE_MODULES = YES;
				CLANG_ENABLE_OBJC_ARC = YES;
				CLANG_ENABLE_OBJC_WEAK = YES;
				CLANG_WARN_BLOCK_CAPTURE_AUTORELEASING = YES;
				CLANG_WARN_BOOL_CONVERSION = YES;
				CLANG_WARN_COMMA = YES;
				CLANG_WARN_CONSTANT_CONVERSION = YES;
				CLANG_WARN_DEPRECATED_OBJC_IMPLEMENTATIONS = YES;
				CLANG_WARN_DIRECT_OBJC_ISA_USAGE = YES_ERROR;
				CLANG_WARN_DOCUMENTATION_COMMENTS = YES;
				CLANG_WARN_EMPTY_BODY = YES;
				CLANG_WARN_ENUM_CONVERSION = YES;
				CLANG_WARN_INFINITE_RECURSION = YES;
				CLANG_WARN_INT_CONVERSION = YES;
				CLANG_WARN_NON_LITERAL_NULL_CONVERSION = YES;
				CLANG_WARN_OBJC_IMPLICIT_RETAIN_SELF = YES;
				CLANG_WARN_OBJC_LITERAL_CONVERSION = YES;
				CLANG_WARN_OBJC_ROOT_CLASS = YES_ERROR;
				CLANG_WARN_QUOTED_INCLUDE_IN_FRAMEWORK_HEADER = YES;
				CLANG_WARN_RANGE_LOOP_ANALYSIS = YES;
				CLANG_WARN_STRICT_PROTOTYPES = YES;
				CLANG_WARN_SUSPICIOUS_MOVE = YES;
				CLANG_WARN_UNGUARDED_AVAILABILITY = YES_AGGRESSIVE;
				CLANG_WARN_UNREACHABLE_CODE = YES;
				CLANG_WARN__DUPLICATE_METHOD_MATCH = YES;
				COPY_PHASE_STRIP = NO;
				DEBUG_INFORMATION_FORMAT = "dwarf-with-dsym";
				ENABLE_NS_ASSERTIONS = NO;
				ENABLE_STRICT_OBJC_MSGSEND = YES;
				GCC_C_LANGUAGE_STANDARD = gnu11;
				GCC_NO_COMMON_BLOCKS = YES;
				GCC_WARN_64_TO_32_BIT_CONVERSION = YES;
				GCC_WARN_ABOUT_RETURN_TYPE = YES_ERROR;
				GCC_WARN_UNDECLARED_SELECTOR = YES;
				GCC_WARN_UNINITIALIZED_AUTOS = YES_AGGRESSIVE;
				GCC_WARN_UNUSED_FUNCTION = YES;
				GCC_WARN_UNUSED_VARIABLE = YES;
				IPHONEOS_DEPLOYMENT_TARGET = 15.0;
				MTL_ENABLE_DEBUG_INFO = NO;
				MTL_FAST_MATH = YES;
				SDKROOT = iphoneos;
				SWIFT_COMPILATION_MODE = wholemodule;
				SWIFT_OPTIMIZATION_LEVEL = "-O";
				VALIDATE_PRODUCT = YES;
			};
			name = Release;
		};
		452983202872FFCA004466E8 /* Debug */ = {
			isa = XCBuildConfiguration;
			baseConfigurationReference = 0481EC8AAFDA8A4FE340A6B1 /* Pods-SCBMonitorSwift.debug.xcconfig */;
			buildSettings = {
				ASSETCATALOG_COMPILER_APPICON_NAME = AppIcon;
				ASSETCATALOG_COMPILER_GLOBAL_ACCENT_COLOR_NAME = AccentColor;
				CODE_SIGN_STYLE = Automatic;
				CURRENT_PROJECT_VERSION = 1;
				DEVELOPMENT_TEAM = S75KQYF72G;
				FRAMEWORK_SEARCH_PATHS = (
					"$(inherited)",
					"\"${PODS_CONFIGURATION_BUILD_DIR}/SnapKit\"",
				);
				GENERATE_INFOPLIST_FILE = YES;
				INFOPLIST_FILE = SCBMonitorSwift/Core/Info.plist;
				INFOPLIST_KEY_UIApplicationSupportsIndirectInputEvents = YES;
				INFOPLIST_KEY_UILaunchStoryboardName = LaunchScreen;
				INFOPLIST_KEY_UISupportedInterfaceOrientations = UIInterfaceOrientationPortrait;
				INFOPLIST_KEY_UISupportedInterfaceOrientations_iPad = "UIInterfaceOrientationPortrait UIInterfaceOrientationPortraitUpsideDown UIInterfaceOrientationLandscapeLeft UIInterfaceOrientationLandscapeRight";
				INFOPLIST_KEY_UISupportedInterfaceOrientations_iPhone = "UIInterfaceOrientationPortrait UIInterfaceOrientationLandscapeLeft UIInterfaceOrientationLandscapeRight";
				IPHONEOS_DEPLOYMENT_TARGET = 13.0;
				LD_RUNPATH_SEARCH_PATHS = (
					"$(inherited)",
					"@executable_path/Frameworks",
				);
				MARKETING_VERSION = 1.0;
				PRODUCT_BUNDLE_IDENTIFIER = com.SCBMonitorSwift;
				PRODUCT_NAME = "$(TARGET_NAME)";
				SWIFT_EMIT_LOC_STRINGS = YES;
				SWIFT_VERSION = 5.0;
				TARGETED_DEVICE_FAMILY = 1;
			};
			name = Debug;
		};
		452983212872FFCA004466E8 /* Release */ = {
			isa = XCBuildConfiguration;
			baseConfigurationReference = EC1C1E6B00D26A762DA99C35 /* Pods-SCBMonitorSwift.release.xcconfig */;
			buildSettings = {
				ASSETCATALOG_COMPILER_APPICON_NAME = AppIcon;
				ASSETCATALOG_COMPILER_GLOBAL_ACCENT_COLOR_NAME = AccentColor;
				CODE_SIGN_IDENTITY = "Apple Development";
				CODE_SIGN_STYLE = Automatic;
				CURRENT_PROJECT_VERSION = 1;
				DEVELOPMENT_TEAM = S75KQYF72G;
				FRAMEWORK_SEARCH_PATHS = (
					"$(inherited)",
					"\"${PODS_CONFIGURATION_BUILD_DIR}/SnapKit\"",
				);
				GENERATE_INFOPLIST_FILE = YES;
				INFOPLIST_FILE = SCBMonitorSwift/Core/Info.plist;
				INFOPLIST_KEY_UIApplicationSupportsIndirectInputEvents = YES;
				INFOPLIST_KEY_UILaunchStoryboardName = LaunchScreen;
				INFOPLIST_KEY_UISupportedInterfaceOrientations = UIInterfaceOrientationPortrait;
				INFOPLIST_KEY_UISupportedInterfaceOrientations_iPad = "UIInterfaceOrientationPortrait UIInterfaceOrientationPortraitUpsideDown UIInterfaceOrientationLandscapeLeft UIInterfaceOrientationLandscapeRight";
				INFOPLIST_KEY_UISupportedInterfaceOrientations_iPhone = "UIInterfaceOrientationPortrait UIInterfaceOrientationLandscapeLeft UIInterfaceOrientationLandscapeRight";
				IPHONEOS_DEPLOYMENT_TARGET = 13.0;
				LD_RUNPATH_SEARCH_PATHS = (
					"$(inherited)",
					"@executable_path/Frameworks",
				);
				MARKETING_VERSION = 1.0;
				PRODUCT_BUNDLE_IDENTIFIER = com.SCBMonitorSwift;
				PRODUCT_NAME = "$(TARGET_NAME)";
				PROVISIONING_PROFILE_SPECIFIER = "";
				SWIFT_EMIT_LOC_STRINGS = YES;
				SWIFT_VERSION = 5.0;
				TARGETED_DEVICE_FAMILY = 1;
			};
			name = Release;
		};
/* End XCBuildConfiguration section */

/* Begin XCConfigurationList section */
		452983062872FFC7004466E8 /* Build configuration list for PBXProject "SCBMonitorSwift" */ = {
			isa = XCConfigurationList;
			buildConfigurations = (
				4529831D2872FFCA004466E8 /* Debug */,
				4529831E2872FFCA004466E8 /* Release */,
			);
			defaultConfigurationIsVisible = 0;
			defaultConfigurationName = Release;
		};
		4529831F2872FFCA004466E8 /* Build configuration list for PBXNativeTarget "SCBMonitorSwift" */ = {
			isa = XCConfigurationList;
			buildConfigurations = (
				452983202872FFCA004466E8 /* Debug */,
				452983212872FFCA004466E8 /* Release */,
			);
			defaultConfigurationIsVisible = 0;
			defaultConfigurationName = Release;
		};
/* End XCConfigurationList section */
	};
	rootObject = 452983032872FFC7004466E8 /* Project object */;
}
