// !$*UTF8*$!
{
	archiveVersion = 1;
	classes = {
	};
	objectVersion = 55;
	objects = {

/* Begin PBXBuildFile section */
		4529830F2872FFC7004466E8 /* AppDelegate.swift in Sources */ = {isa = PBXBuildFile; fileRef = 4529830E2872FFC7004466E8 /* AppDelegate.swift */; };
		452983182872FFCA004466E8 /* Assets.xcassets in Resources */ = {isa = PBXBuildFile; fileRef = 452983172872FFCA004466E8 /* Assets.xcassets */; };
		4529831B2872FFCA004466E8 /* LaunchScreen.storyboard in Resources */ = {isa = PBXBuildFile; fileRef = 452983192872FFCA004466E8 /* LaunchScreen.storyboard */; };
		4529832728730B3B004466E8 /* AuthViewController.swift in Sources */ = {isa = PBXBuildFile; fileRef = 4529832628730B3B004466E8 /* AuthViewController.swift */; };
		4529832928730B43004466E8 /* AuthModel.swift in Sources */ = {isa = PBXBuildFile; fileRef = 4529832828730B42004466E8 /* AuthModel.swift */; };
		4529832B28730B81004466E8 /* MColors.swift in Sources */ = {isa = PBXBuildFile; fileRef = 4529832A28730B81004466E8 /* MColors.swift */; };
		4529832E28730D31004466E8 /* DefaultButton.swift in Sources */ = {isa = PBXBuildFile; fileRef = 4529832D28730D31004466E8 /* DefaultButton.swift */; };
		455DF37B2874240800D18B57 /* MainCoordinator.swift in Sources */ = {isa = PBXBuildFile; fileRef = 455DF37A2874240800D18B57 /* MainCoordinator.swift */; };
		455DF37D2874248B00D18B57 /* CoordinatorDependencies.swift in Sources */ = {isa = PBXBuildFile; fileRef = 455DF37C2874248B00D18B57 /* CoordinatorDependencies.swift */; };
		455DF380287424FA00D18B57 /* MainScreenViewController.swift in Sources */ = {isa = PBXBuildFile; fileRef = 455DF37F287424F900D18B57 /* MainScreenViewController.swift */; };
		455DF3822874250300D18B57 /* MainScreenModel.swift in Sources */ = {isa = PBXBuildFile; fileRef = 455DF3812874250300D18B57 /* MainScreenModel.swift */; };
		455DF3842874255000D18B57 /* MainScreenFlowCoordinator.swift in Sources */ = {isa = PBXBuildFile; fileRef = 455DF3832874255000D18B57 /* MainScreenFlowCoordinator.swift */; };
		455DF38828742AF200D18B57 /* AuthScreenFlowCoordinator.swift in Sources */ = {isa = PBXBuildFile; fileRef = 455DF38728742AF200D18B57 /* AuthScreenFlowCoordinator.swift */; };
/* End PBXBuildFile section */

/* Begin PBXFileReference section */
		4529830B2872FFC7004466E8 /* SCBMonitorSwift.app */ = {isa = PBXFileReference; explicitFileType = wrapper.application; includeInIndex = 0; path = SCBMonitorSwift.app; sourceTree = BUILT_PRODUCTS_DIR; };
		4529830E2872FFC7004466E8 /* AppDelegate.swift */ = {isa = PBXFileReference; lastKnownFileType = sourcecode.swift; path = AppDelegate.swift; sourceTree = "<group>"; };
		452983172872FFCA004466E8 /* Assets.xcassets */ = {isa = PBXFileReference; lastKnownFileType = folder.assetcatalog; path = Assets.xcassets; sourceTree = "<group>"; };
		4529831A2872FFCA004466E8 /* Base */ = {isa = PBXFileReference; lastKnownFileType = file.storyboard; name = Base; path = Base.lproj/LaunchScreen.storyboard; sourceTree = "<group>"; };
		4529831C2872FFCA004466E8 /* Info.plist */ = {isa = PBXFileReference; lastKnownFileType = text.plist.xml; path = Info.plist; sourceTree = "<group>"; };
		4529832628730B3B004466E8 /* AuthViewController.swift */ = {isa = PBXFileReference; lastKnownFileType = sourcecode.swift; path = AuthViewController.swift; sourceTree = "<group>"; };
		4529832828730B42004466E8 /* AuthModel.swift */ = {isa = PBXFileReference; lastKnownFileType = sourcecode.swift; path = AuthModel.swift; sourceTree = "<group>"; };
		4529832A28730B81004466E8 /* MColors.swift */ = {isa = PBXFileReference; lastKnownFileType = sourcecode.swift; path = MColors.swift; sourceTree = "<group>"; };
		4529832D28730D31004466E8 /* DefaultButton.swift */ = {isa = PBXFileReference; lastKnownFileType = sourcecode.swift; path = DefaultButton.swift; sourceTree = "<group>"; };
		455DF37A2874240800D18B57 /* MainCoordinator.swift */ = {isa = PBXFileReference; lastKnownFileType = sourcecode.swift; path = MainCoordinator.swift; sourceTree = "<group>"; };
		455DF37C2874248B00D18B57 /* CoordinatorDependencies.swift */ = {isa = PBXFileReference; lastKnownFileType = sourcecode.swift; path = CoordinatorDependencies.swift; sourceTree = "<group>"; };
		455DF37F287424F900D18B57 /* MainScreenViewController.swift */ = {isa = PBXFileReference; lastKnownFileType = sourcecode.swift; path = MainScreenViewController.swift; sourceTree = "<group>"; };
		455DF3812874250300D18B57 /* MainScreenModel.swift */ = {isa = PBXFileReference; lastKnownFileType = sourcecode.swift; path = MainScreenModel.swift; sourceTree = "<group>"; };
		455DF3832874255000D18B57 /* MainScreenFlowCoordinator.swift */ = {isa = PBXFileReference; lastKnownFileType = sourcecode.swift; path = MainScreenFlowCoordinator.swift; sourceTree = "<group>"; };
		455DF38728742AF200D18B57 /* AuthScreenFlowCoordinator.swift */ = {isa = PBXFileReference; lastKnownFileType = sourcecode.swift; path = AuthScreenFlowCoordinator.swift; sourceTree = "<group>"; };
/* End PBXFileReference section */

/* Begin PBXFrameworksBuildPhase section */
		452983082872FFC7004466E8 /* Frameworks */ = {
			isa = PBXFrameworksBuildPhase;
			buildActionMask = 2147483647;
			files = (
			);
			runOnlyForDeploymentPostprocessing = 0;
		};
/* End PBXFrameworksBuildPhase section */

/* Begin PBXGroup section */
		452983022872FFC7004466E8 = {
			isa = PBXGroup;
			children = (
				4529830D2872FFC7004466E8 /* SCBMonitorSwift */,
				4529830C2872FFC7004466E8 /* Products */,
			);
			sourceTree = "<group>";
		};
		4529830C2872FFC7004466E8 /* Products */ = {
			isa = PBXGroup;
			children = (
				4529830B2872FFC7004466E8 /* SCBMonitorSwift.app */,
			);
			name = Products;
			sourceTree = "<group>";
		};
		4529830D2872FFC7004466E8 /* SCBMonitorSwift */ = {
			isa = PBXGroup;
			children = (
				455DF38D28743FDF00D18B57 /* Extensions */,
				455DF379287423F500D18B57 /* Flow coordinators */,
				4529832328730A9E004466E8 /* Core */,
				4529832228730A98004466E8 /* Screens */,
				452983172872FFCA004466E8 /* Assets.xcassets */,
				4529832A28730B81004466E8 /* MColors.swift */,
			);
			path = SCBMonitorSwift;
			sourceTree = "<group>";
		};
		4529832228730A98004466E8 /* Screens */ = {
			isa = PBXGroup;
			children = (
				4529832C28730CF7004466E8 /* Controls */,
				455DF37E287424EC00D18B57 /* MainScreen */,
				4529832528730ACA004466E8 /* Auth */,
			);
			path = Screens;
			sourceTree = "<group>";
		};
		4529832328730A9E004466E8 /* Core */ = {
			isa = PBXGroup;
			children = (
				4529831C2872FFCA004466E8 /* Info.plist */,
				452983192872FFCA004466E8 /* LaunchScreen.storyboard */,
				4529830E2872FFC7004466E8 /* AppDelegate.swift */,
			);
			path = Core;
			sourceTree = "<group>";
		};
		4529832528730ACA004466E8 /* Auth */ = {
			isa = PBXGroup;
			children = (
				4529832628730B3B004466E8 /* AuthViewController.swift */,
				4529832828730B42004466E8 /* AuthModel.swift */,
			);
			path = Auth;
			sourceTree = "<group>";
		};
		4529832C28730CF7004466E8 /* Controls */ = {
			isa = PBXGroup;
			children = (
				4529832D28730D31004466E8 /* DefaultButton.swift */,
			);
			path = Controls;
			sourceTree = "<group>";
		};
		455DF379287423F500D18B57 /* Flow coordinators */ = {
			isa = PBXGroup;
			children = (
				455DF3852874293E00D18B57 /* Core */,
				455DF3832874255000D18B57 /* MainScreenFlowCoordinator.swift */,
				455DF38728742AF200D18B57 /* AuthScreenFlowCoordinator.swift */,
			);
			path = "Flow coordinators";
			sourceTree = "<group>";
		};
		455DF37E287424EC00D18B57 /* MainScreen */ = {
			isa = PBXGroup;
			children = (
				455DF37F287424F900D18B57 /* MainScreenViewController.swift */,
				455DF3812874250300D18B57 /* MainScreenModel.swift */,
			);
			path = MainScreen;
			sourceTree = "<group>";
		};
		455DF3852874293E00D18B57 /* Core */ = {
			isa = PBXGroup;
			children = (
				455DF37C2874248B00D18B57 /* CoordinatorDependencies.swift */,
				455DF37A2874240800D18B57 /* MainCoordinator.swift */,
			);
			path = Core;
			sourceTree = "<group>";
		};
		455DF38D28743FDF00D18B57 /* Extensions */ = {
			isa = PBXGroup;
			children = (
			);
			path = Extensions;
			sourceTree = "<group>";
		};
/* End PBXGroup section */

/* Begin PBXNativeTarget section */
		4529830A2872FFC7004466E8 /* SCBMonitorSwift */ = {
			isa = PBXNativeTarget;
			buildConfigurationList = 4529831F2872FFCA004466E8 /* Build configuration list for PBXNativeTarget "SCBMonitorSwift" */;
			buildPhases = (
				452983072872FFC7004466E8 /* Sources */,
				452983082872FFC7004466E8 /* Frameworks */,
				452983092872FFC7004466E8 /* Resources */,
			);
			buildRules = (
			);
			dependencies = (
			);
			name = SCBMonitorSwift;
			productName = SCBMonitorSwift;
			productReference = 4529830B2872FFC7004466E8 /* SCBMonitorSwift.app */;
			productType = "com.apple.product-type.application";
		};
/* End PBXNativeTarget section */

/* Begin PBXProject section */
		452983032872FFC7004466E8 /* Project object */ = {
			isa = PBXProject;
			attributes = {
				BuildIndependentTargetsInParallel = 1;
				LastSwiftUpdateCheck = 1300;
				LastUpgradeCheck = 1300;
				TargetAttributes = {
					4529830A2872FFC7004466E8 = {
						CreatedOnToolsVersion = 13.0;
					};
				};
			};
			buildConfigurationList = 452983062872FFC7004466E8 /* Build configuration list for PBXProject "SCBMonitorSwift" */;
			compatibilityVersion = "Xcode 13.0";
			developmentRegion = en;
			hasScannedForEncodings = 0;
			knownRegions = (
				en,
				Base,
			);
			mainGroup = 452983022872FFC7004466E8;
			productRefGroup = 4529830C2872FFC7004466E8 /* Products */;
			projectDirPath = "";
			projectRoot = "";
			targets = (
				4529830A2872FFC7004466E8 /* SCBMonitorSwift */,
			);
		};
/* End PBXProject section */

/* Begin PBXResourcesBuildPhase section */
		452983092872FFC7004466E8 /* Resources */ = {
			isa = PBXResourcesBuildPhase;
			buildActionMask = 2147483647;
			files = (
				4529831B2872FFCA004466E8 /* LaunchScreen.storyboard in Resources */,
				452983182872FFCA004466E8 /* Assets.xcassets in Resources */,
			);
			runOnlyForDeploymentPostprocessing = 0;
		};
/* End PBXResourcesBuildPhase section */

/* Begin PBXSourcesBuildPhase section */
		452983072872FFC7004466E8 /* Sources */ = {
			isa = PBXSourcesBuildPhase;
			buildActionMask = 2147483647;
			files = (
				4529832928730B43004466E8 /* AuthModel.swift in Sources */,
				455DF37B2874240800D18B57 /* MainCoordinator.swift in Sources */,
				455DF3822874250300D18B57 /* MainScreenModel.swift in Sources */,
				4529832E28730D31004466E8 /* DefaultButton.swift in Sources */,
				455DF37D2874248B00D18B57 /* CoordinatorDependencies.swift in Sources */,
				4529832B28730B81004466E8 /* MColors.swift in Sources */,
				455DF38828742AF200D18B57 /* AuthScreenFlowCoordinator.swift in Sources */,
				4529832728730B3B004466E8 /* AuthViewController.swift in Sources */,
				4529830F2872FFC7004466E8 /* AppDelegate.swift in Sources */,
				455DF380287424FA00D18B57 /* MainScreenViewController.swift in Sources */,
				455DF3842874255000D18B57 /* MainScreenFlowCoordinator.swift in Sources */,
			);
			runOnlyForDeploymentPostprocessing = 0;
		};
/* End PBXSourcesBuildPhase section */

/* Begin PBXVariantGroup section */
		452983192872FFCA004466E8 /* LaunchScreen.storyboard */ = {
			isa = PBXVariantGroup;
			children = (
				4529831A2872FFCA004466E8 /* Base */,
			);
			name = LaunchScreen.storyboard;
			sourceTree = "<group>";
		};
/* End PBXVariantGroup section */

/* Begin XCBuildConfiguration section */
		4529831D2872FFCA004466E8 /* Debug */ = {
			isa = XCBuildConfiguration;
			buildSettings = {
				ALWAYS_SEARCH_USER_PATHS = NO;
				CLANG_ANALYZER_NONNULL = YES;
				CLANG_ANALYZER_NUMBER_OBJECT_CONVERSION = YES_AGGRESSIVE;
				CLANG_CXX_LANGUAGE_STANDARD = "gnu++17";
				CLANG_CXX_LIBRARY = "libc++";
				CLANG_ENABLE_MODULES = YES;
				CLANG_ENABLE_OBJC_ARC = YES;
				CLANG_ENABLE_OBJC_WEAK = YES;
				CLANG_WARN_BLOCK_CAPTURE_AUTORELEASING = YES;
				CLANG_WARN_BOOL_CONVERSION = YES;
				CLANG_WARN_COMMA = YES;
				CLANG_WARN_CONSTANT_CONVERSION = YES;
				CLANG_WARN_DEPRECATED_OBJC_IMPLEMENTATIONS = YES;
				CLANG_WARN_DIRECT_OBJC_ISA_USAGE = YES_ERROR;
				CLANG_WARN_DOCUMENTATION_COMMENTS = YES;
				CLANG_WARN_EMPTY_BODY = YES;
				CLANG_WARN_ENUM_CONVERSION = YES;
				CLANG_WARN_INFINITE_RECURSION = YES;
				CLANG_WARN_INT_CONVERSION = YES;
				CLANG_WARN_NON_LITERAL_NULL_CONVERSION = YES;
				CLANG_WARN_OBJC_IMPLICIT_RETAIN_SELF = YES;
				CLANG_WARN_OBJC_LITERAL_CONVERSION = YES;
				CLANG_WARN_OBJC_ROOT_CLASS = YES_ERROR;
				CLANG_WARN_QUOTED_INCLUDE_IN_FRAMEWORK_HEADER = YES;
				CLANG_WARN_RANGE_LOOP_ANALYSIS = YES;
				CLANG_WARN_STRICT_PROTOTYPES = YES;
				CLANG_WARN_SUSPICIOUS_MOVE = YES;
				CLANG_WARN_UNGUARDED_AVAILABILITY = YES_AGGRESSIVE;
				CLANG_WARN_UNREACHABLE_CODE = YES;
				CLANG_WARN__DUPLICATE_METHOD_MATCH = YES;
				COPY_PHASE_STRIP = NO;
				DEBUG_INFORMATION_FORMAT = dwarf;
				ENABLE_STRICT_OBJC_MSGSEND = YES;
				ENABLE_TESTABILITY = YES;
				GCC_C_LANGUAGE_STANDARD = gnu11;
				GCC_DYNAMIC_NO_PIC = NO;
				GCC_NO_COMMON_BLOCKS = YES;
				GCC_OPTIMIZATION_LEVEL = 0;
				GCC_PREPROCESSOR_DEFINITIONS = (
					"DEBUG=1",
					"$(inherited)",
				);
				GCC_WARN_64_TO_32_BIT_CONVERSION = YES;
				GCC_WARN_ABOUT_RETURN_TYPE = YES_ERROR;
				GCC_WARN_UNDECLARED_SELECTOR = YES;
				GCC_WARN_UNINITIALIZED_AUTOS = YES_AGGRESSIVE;
				GCC_WARN_UNUSED_FUNCTION = YES;
				GCC_WARN_UNUSED_VARIABLE = YES;
				IPHONEOS_DEPLOYMENT_TARGET = 15.0;
				MTL_ENABLE_DEBUG_INFO = INCLUDE_SOURCE;
				MTL_FAST_MATH = YES;
				ONLY_ACTIVE_ARCH = YES;
				SDKROOT = iphoneos;
				SWIFT_ACTIVE_COMPILATION_CONDITIONS = DEBUG;
				SWIFT_OPTIMIZATION_LEVEL = "-Onone";
			};
			name = Debug;
		};
		4529831E2872FFCA004466E8 /* Release */ = {
			isa = XCBuildConfiguration;
			buildSettings = {
				ALWAYS_SEARCH_USER_PATHS = NO;
				CLANG_ANALYZER_NONNULL = YES;
				CLANG_ANALYZER_NUMBER_OBJECT_CONVERSION = YES_AGGRESSIVE;
				CLANG_CXX_LANGUAGE_STANDARD = "gnu++17";
				CLANG_CXX_LIBRARY = "libc++";
				CLANG_ENABLE_MODULES = YES;
				CLANG_ENABLE_OBJC_ARC = YES;
				CLANG_ENABLE_OBJC_WEAK = YES;
				CLANG_WARN_BLOCK_CAPTURE_AUTORELEASING = YES;
				CLANG_WARN_BOOL_CONVERSION = YES;
				CLANG_WARN_COMMA = YES;
				CLANG_WARN_CONSTANT_CONVERSION = YES;
				CLANG_WARN_DEPRECATED_OBJC_IMPLEMENTATIONS = YES;
				CLANG_WARN_DIRECT_OBJC_ISA_USAGE = YES_ERROR;
				CLANG_WARN_DOCUMENTATION_COMMENTS = YES;
				CLANG_WARN_EMPTY_BODY = YES;
				CLANG_WARN_ENUM_CONVERSION = YES;
				CLANG_WARN_INFINITE_RECURSION = YES;
				CLANG_WARN_INT_CONVERSION = YES;
				CLANG_WARN_NON_LITERAL_NULL_CONVERSION = YES;
				CLANG_WARN_OBJC_IMPLICIT_RETAIN_SELF = YES;
				CLANG_WARN_OBJC_LITERAL_CONVERSION = YES;
				CLANG_WARN_OBJC_ROOT_CLASS = YES_ERROR;
				CLANG_WARN_QUOTED_INCLUDE_IN_FRAMEWORK_HEADER = YES;
				CLANG_WARN_RANGE_LOOP_ANALYSIS = YES;
				CLANG_WARN_STRICT_PROTOTYPES = YES;
				CLANG_WARN_SUSPICIOUS_MOVE = YES;
				CLANG_WARN_UNGUARDED_AVAILABILITY = YES_AGGRESSIVE;
				CLANG_WARN_UNREACHABLE_CODE = YES;
				CLANG_WARN__DUPLICATE_METHOD_MATCH = YES;
				COPY_PHASE_STRIP = NO;
				DEBUG_INFORMATION_FORMAT = "dwarf-with-dsym";
				ENABLE_NS_ASSERTIONS = NO;
				ENABLE_STRICT_OBJC_MSGSEND = YES;
				GCC_C_LANGUAGE_STANDARD = gnu11;
				GCC_NO_COMMON_BLOCKS = YES;
				GCC_WARN_64_TO_32_BIT_CONVERSION = YES;
				GCC_WARN_ABOUT_RETURN_TYPE = YES_ERROR;
				GCC_WARN_UNDECLARED_SELECTOR = YES;
				GCC_WARN_UNINITIALIZED_AUTOS = YES_AGGRESSIVE;
				GCC_WARN_UNUSED_FUNCTION = YES;
				GCC_WARN_UNUSED_VARIABLE = YES;
				IPHONEOS_DEPLOYMENT_TARGET = 15.0;
				MTL_ENABLE_DEBUG_INFO = NO;
				MTL_FAST_MATH = YES;
				SDKROOT = iphoneos;
				SWIFT_COMPILATION_MODE = wholemodule;
				SWIFT_OPTIMIZATION_LEVEL = "-O";
				VALIDATE_PRODUCT = YES;
			};
			name = Release;
		};
		452983202872FFCA004466E8 /* Debug */ = {
			isa = XCBuildConfiguration;
			buildSettings = {
				ASSETCATALOG_COMPILER_APPICON_NAME = AppIcon;
				ASSETCATALOG_COMPILER_GLOBAL_ACCENT_COLOR_NAME = AccentColor;
				CODE_SIGN_STYLE = Automatic;
				CURRENT_PROJECT_VERSION = 1;
				DEVELOPMENT_TEAM = L6QZ8MR9Z8;
				GENERATE_INFOPLIST_FILE = YES;
				INFOPLIST_FILE = SCBMonitorSwift/Core/Info.plist;
				INFOPLIST_KEY_UIApplicationSupportsIndirectInputEvents = YES;
				INFOPLIST_KEY_UILaunchStoryboardName = LaunchScreen;
				INFOPLIST_KEY_UISupportedInterfaceOrientations = UIInterfaceOrientationPortrait;
				INFOPLIST_KEY_UISupportedInterfaceOrientations_iPad = "UIInterfaceOrientationPortrait UIInterfaceOrientationPortraitUpsideDown UIInterfaceOrientationLandscapeLeft UIInterfaceOrientationLandscapeRight";
				INFOPLIST_KEY_UISupportedInterfaceOrientations_iPhone = "UIInterfaceOrientationPortrait UIInterfaceOrientationLandscapeLeft UIInterfaceOrientationLandscapeRight";
				IPHONEOS_DEPLOYMENT_TARGET = 13.0;
				LD_RUNPATH_SEARCH_PATHS = (
					"$(inherited)",
					"@executable_path/Frameworks",
				);
				MARKETING_VERSION = 1.0;
				PRODUCT_BUNDLE_IDENTIFIER = com.SCBMonitorSwift;
				PRODUCT_NAME = "$(TARGET_NAME)";
				SWIFT_EMIT_LOC_STRINGS = YES;
				SWIFT_VERSION = 5.0;
				TARGETED_DEVICE_FAMILY = 1;
			};
			name = Debug;
		};
		452983212872FFCA004466E8 /* Release */ = {
			isa = XCBuildConfiguration;
			buildSettings = {
				ASSETCATALOG_COMPILER_APPICON_NAME = AppIcon;
				ASSETCATALOG_COMPILER_GLOBAL_ACCENT_COLOR_NAME = AccentColor;
				CODE_SIGN_STYLE = Automatic;
				CURRENT_PROJECT_VERSION = 1;
				DEVELOPMENT_TEAM = L6QZ8MR9Z8;
				GENERATE_INFOPLIST_FILE = YES;
				INFOPLIST_FILE = SCBMonitorSwift/Core/Info.plist;
				INFOPLIST_KEY_UIApplicationSupportsIndirectInputEvents = YES;
				INFOPLIST_KEY_UILaunchStoryboardName = LaunchScreen;
				INFOPLIST_KEY_UISupportedInterfaceOrientations = UIInterfaceOrientationPortrait;
				INFOPLIST_KEY_UISupportedInterfaceOrientations_iPad = "UIInterfaceOrientationPortrait UIInterfaceOrientationPortraitUpsideDown UIInterfaceOrientationLandscapeLeft UIInterfaceOrientationLandscapeRight";
				INFOPLIST_KEY_UISupportedInterfaceOrientations_iPhone = "UIInterfaceOrientationPortrait UIInterfaceOrientationLandscapeLeft UIInterfaceOrientationLandscapeRight";
				IPHONEOS_DEPLOYMENT_TARGET = 13.0;
				LD_RUNPATH_SEARCH_PATHS = (
					"$(inherited)",
					"@executable_path/Frameworks",
				);
				MARKETING_VERSION = 1.0;
				PRODUCT_BUNDLE_IDENTIFIER = com.SCBMonitorSwift;
				PRODUCT_NAME = "$(TARGET_NAME)";
				SWIFT_EMIT_LOC_STRINGS = YES;
				SWIFT_VERSION = 5.0;
				TARGETED_DEVICE_FAMILY = 1;
			};
			name = Release;
		};
/* End XCBuildConfiguration section */

/* Begin XCConfigurationList section */
		452983062872FFC7004466E8 /* Build configuration list for PBXProject "SCBMonitorSwift" */ = {
			isa = XCConfigurationList;
			buildConfigurations = (
				4529831D2872FFCA004466E8 /* Debug */,
				4529831E2872FFCA004466E8 /* Release */,
			);
			defaultConfigurationIsVisible = 0;
			defaultConfigurationName = Release;
		};
		4529831F2872FFCA004466E8 /* Build configuration list for PBXNativeTarget "SCBMonitorSwift" */ = {
			isa = XCConfigurationList;
			buildConfigurations = (
				452983202872FFCA004466E8 /* Debug */,
				452983212872FFCA004466E8 /* Release */,
			);
			defaultConfigurationIsVisible = 0;
			defaultConfigurationName = Release;
		};
/* End XCConfigurationList section */
	};
	rootObject = 452983032872FFC7004466E8 /* Project object */;
}
